// !$*UTF8*$!
{
	archiveVersion = 1;
	classes = {
	};
	objectVersion = 50;
	objects = {

/* Begin PBXBuildFile section */
		501658AC21A9BFC70041242C /* JwtToken.swift in Sources */ = {isa = PBXBuildFile; fileRef = 501658AB21A9BFC70041242C /* JwtToken.swift */; };
		501658AE21A9C1530041242C /* DataRequest.swift in Sources */ = {isa = PBXBuildFile; fileRef = 501658AD21A9C1530041242C /* DataRequest.swift */; };
		501658B121A9D1750041242C /* AuthService.swift in Sources */ = {isa = PBXBuildFile; fileRef = 501658B021A9D1750041242C /* AuthService.swift */; };
		501658B421A9D89A0041242C /* AccessTokenAdapter.swift in Sources */ = {isa = PBXBuildFile; fileRef = 501658B321A9D89A0041242C /* AccessTokenAdapter.swift */; };
		501658B621A9E8400041242C /* RegisterController.swift in Sources */ = {isa = PBXBuildFile; fileRef = 501658B521A9E8400041242C /* RegisterController.swift */; };
		501658BB21AA37DC0041242C /* FormValidation.swift in Sources */ = {isa = PBXBuildFile; fileRef = 501658BA21AA37DC0041242C /* FormValidation.swift */; };
		505FBD4E219F906E007A0914 /* AppDelegate.swift in Sources */ = {isa = PBXBuildFile; fileRef = 505FBD4D219F906E007A0914 /* AppDelegate.swift */; };
		505FBD50219F906E007A0914 /* ViewController.swift in Sources */ = {isa = PBXBuildFile; fileRef = 505FBD4F219F906E007A0914 /* ViewController.swift */; };
		505FBD53219F906E007A0914 /* Main.storyboard in Resources */ = {isa = PBXBuildFile; fileRef = 505FBD51219F906E007A0914 /* Main.storyboard */; };
		505FBD55219F9070007A0914 /* Assets.xcassets in Resources */ = {isa = PBXBuildFile; fileRef = 505FBD54219F9070007A0914 /* Assets.xcassets */; };
		505FBD58219F9070007A0914 /* LaunchScreen.storyboard in Resources */ = {isa = PBXBuildFile; fileRef = 505FBD56219F9070007A0914 /* LaunchScreen.storyboard */; };
		505FBD63219F9070007A0914 /* EventAppTests.swift in Sources */ = {isa = PBXBuildFile; fileRef = 505FBD62219F9070007A0914 /* EventAppTests.swift */; };
		505FBD6E219F9070007A0914 /* EventAppUITests.swift in Sources */ = {isa = PBXBuildFile; fileRef = 505FBD6D219F9070007A0914 /* EventAppUITests.swift */; };
		505FBD7D219F90A1007A0914 /* MapKit.framework in Frameworks */ = {isa = PBXBuildFile; fileRef = 505FBD7C219F90A1007A0914 /* MapKit.framework */; };
		505FBD7F219F9100007A0914 /* LoginViewController.swift in Sources */ = {isa = PBXBuildFile; fileRef = 505FBD7E219F9100007A0914 /* LoginViewController.swift */; };
		505FBD81219F9115007A0914 /* RegistrationViewController.swift in Sources */ = {isa = PBXBuildFile; fileRef = 505FBD80219F9115007A0914 /* RegistrationViewController.swift */; };
		505FBD85219F915C007A0914 /* EventTableViewController.swift in Sources */ = {isa = PBXBuildFile; fileRef = 505FBD84219F915C007A0914 /* EventTableViewController.swift */; };
		505FBD88219F9333007A0914 /* PassKit.framework in Frameworks */ = {isa = PBXBuildFile; fileRef = 505FBD87219F9333007A0914 /* PassKit.framework */; };
		5061BE2721ADF59F0068D39E /* EventDetailCategory.swift in Sources */ = {isa = PBXBuildFile; fileRef = 5061BE2621ADF59F0068D39E /* EventDetailCategory.swift */; };
		5061BE2921AF18120068D39E /* DictionaryEncoder.swift in Sources */ = {isa = PBXBuildFile; fileRef = 5061BE2821AF18120068D39E /* DictionaryEncoder.swift */; };
		5062DD3421A32E71000F63BD /* EventTableViewCell.swift in Sources */ = {isa = PBXBuildFile; fileRef = 5062DD3221A32E71000F63BD /* EventTableViewCell.swift */; };
		5062DD3521A32E71000F63BD /* EventTableViewCell.xib in Resources */ = {isa = PBXBuildFile; fileRef = 5062DD3321A32E71000F63BD /* EventTableViewCell.xib */; };
		509EF27621A981B100E57614 /*  Config.swift in Sources */ = {isa = PBXBuildFile; fileRef = 509EF27521A981B100E57614 /*  Config.swift */; };
		509EF27921A98BC000E57614 /* User.swift in Sources */ = {isa = PBXBuildFile; fileRef = 509EF27821A98BC000E57614 /* User.swift */; };
		509EF27C21A991D800E57614 /* RestController.swift in Sources */ = {isa = PBXBuildFile; fileRef = 509EF27B21A991D800E57614 /* RestController.swift */; };
		509EF27E21A993AA00E57614 /* UserController.swift in Sources */ = {isa = PBXBuildFile; fileRef = 509EF27D21A993AA00E57614 /* UserController.swift */; };
		509EF28021A997E800E57614 /* LoginForm.swift in Sources */ = {isa = PBXBuildFile; fileRef = 509EF27F21A997E800E57614 /* LoginForm.swift */; };
		509EF28221A9980E00E57614 /* RegisterForm.swift in Sources */ = {isa = PBXBuildFile; fileRef = 509EF28121A9980E00E57614 /* RegisterForm.swift */; };
		509EF28421A99B2900E57614 /* EventController.swift in Sources */ = {isa = PBXBuildFile; fileRef = 509EF28321A99B2900E57614 /* EventController.swift */; };
		509EF28621A9AC0600E57614 /* Event.swift in Sources */ = {isa = PBXBuildFile; fileRef = 509EF28521A9AC0600E57614 /* Event.swift */; };
		50E2B18321B03D5A0071DE51 /* SettingsController.swift in Sources */ = {isa = PBXBuildFile; fileRef = 50E2B18221B03D5A0071DE51 /* SettingsController.swift */; };
		50E2B18521B15F420071DE51 /* JSONEncoding.swift in Sources */ = {isa = PBXBuildFile; fileRef = 50E2B18421B15F420071DE51 /* JSONEncoding.swift */; };
		50E2B1C321B1D2E60071DE51 /* EventSplitViewController.swift in Sources */ = {isa = PBXBuildFile; fileRef = 50E2B1C221B1D2E60071DE51 /* EventSplitViewController.swift */; };
		50F1116B21AC6F0000022DDD /* CategoryController.swift in Sources */ = {isa = PBXBuildFile; fileRef = 50F1116A21AC6F0000022DDD /* CategoryController.swift */; };
		50F1116D21AC6F1F00022DDD /* Category.swift in Sources */ = {isa = PBXBuildFile; fileRef = 50F1116C21AC6F1F00022DDD /* Category.swift */; };
		8267C63621AAEE230059BF78 /* EventDetailViewController.swift in Sources */ = {isa = PBXBuildFile; fileRef = 8267C63521AAEE230059BF78 /* EventDetailViewController.swift */; };
		8267C63821AB37BC0059BF78 /* LocationRow.swift in Sources */ = {isa = PBXBuildFile; fileRef = 8267C63721AB37BC0059BF78 /* LocationRow.swift */; };
		98215E846678DA784A7A4B0A /* Pods_EventAppTests.framework in Frameworks */ = {isa = PBXBuildFile; fileRef = D345E9849A3739D7A474D005 /* Pods_EventAppTests.framework */; };
		9CA7FD543C60411CF0548754 /* Pods_EventApp.framework in Frameworks */ = {isa = PBXBuildFile; fileRef = 5FB450BF8B923B20748BC8E8 /* Pods_EventApp.framework */; };
		DA569434ECD04ACC5DDB2A49 /* Pods_EventAppUITests.framework in Frameworks */ = {isa = PBXBuildFile; fileRef = B117825D8F44D9A67CFA0474 /* Pods_EventAppUITests.framework */; };
/* End PBXBuildFile section */

/* Begin PBXContainerItemProxy section */
		505FBD5F219F9070007A0914 /* PBXContainerItemProxy */ = {
			isa = PBXContainerItemProxy;
			containerPortal = 505FBD42219F906E007A0914 /* Project object */;
			proxyType = 1;
			remoteGlobalIDString = 505FBD49219F906E007A0914;
			remoteInfo = EventApp;
		};
		505FBD6A219F9070007A0914 /* PBXContainerItemProxy */ = {
			isa = PBXContainerItemProxy;
			containerPortal = 505FBD42219F906E007A0914 /* Project object */;
			proxyType = 1;
			remoteGlobalIDString = 505FBD49219F906E007A0914;
			remoteInfo = EventApp;
		};
/* End PBXContainerItemProxy section */

/* Begin PBXFileReference section */
		02A4CD7F2EF2BD81A61DB0B6 /* Pods-EventAppTests.release.xcconfig */ = {isa = PBXFileReference; includeInIndex = 1; lastKnownFileType = text.xcconfig; name = "Pods-EventAppTests.release.xcconfig"; path = "Pods/Target Support Files/Pods-EventAppTests/Pods-EventAppTests.release.xcconfig"; sourceTree = "<group>"; };
		501658AB21A9BFC70041242C /* JwtToken.swift */ = {isa = PBXFileReference; lastKnownFileType = sourcecode.swift; path = JwtToken.swift; sourceTree = "<group>"; };
		501658AD21A9C1530041242C /* DataRequest.swift */ = {isa = PBXFileReference; lastKnownFileType = sourcecode.swift; path = DataRequest.swift; sourceTree = "<group>"; };
		501658B021A9D1750041242C /* AuthService.swift */ = {isa = PBXFileReference; lastKnownFileType = sourcecode.swift; path = AuthService.swift; sourceTree = "<group>"; };
		501658B321A9D89A0041242C /* AccessTokenAdapter.swift */ = {isa = PBXFileReference; lastKnownFileType = sourcecode.swift; path = AccessTokenAdapter.swift; sourceTree = "<group>"; };
		501658B521A9E8400041242C /* RegisterController.swift */ = {isa = PBXFileReference; lastKnownFileType = sourcecode.swift; path = RegisterController.swift; sourceTree = "<group>"; };
		501658BA21AA37DC0041242C /* FormValidation.swift */ = {isa = PBXFileReference; lastKnownFileType = sourcecode.swift; path = FormValidation.swift; sourceTree = "<group>"; };
		504CD6CE21A4707F00F46CBE /* de */ = {isa = PBXFileReference; lastKnownFileType = text.plist.strings; name = de; path = de.lproj/Main.strings; sourceTree = "<group>"; };
		504CD6CF21A4707F00F46CBE /* de */ = {isa = PBXFileReference; lastKnownFileType = text.plist.strings; name = de; path = de.lproj/LaunchScreen.strings; sourceTree = "<group>"; };
		505FBD4A219F906E007A0914 /* EventApp.app */ = {isa = PBXFileReference; explicitFileType = wrapper.application; includeInIndex = 0; path = EventApp.app; sourceTree = BUILT_PRODUCTS_DIR; };
		505FBD4D219F906E007A0914 /* AppDelegate.swift */ = {isa = PBXFileReference; lastKnownFileType = sourcecode.swift; path = AppDelegate.swift; sourceTree = "<group>"; };
		505FBD4F219F906E007A0914 /* ViewController.swift */ = {isa = PBXFileReference; lastKnownFileType = sourcecode.swift; path = ViewController.swift; sourceTree = "<group>"; };
		505FBD52219F906E007A0914 /* Base */ = {isa = PBXFileReference; lastKnownFileType = file.storyboard; name = Base; path = Base.lproj/Main.storyboard; sourceTree = "<group>"; };
		505FBD54219F9070007A0914 /* Assets.xcassets */ = {isa = PBXFileReference; lastKnownFileType = folder.assetcatalog; path = Assets.xcassets; sourceTree = "<group>"; };
		505FBD57219F9070007A0914 /* Base */ = {isa = PBXFileReference; lastKnownFileType = file.storyboard; name = Base; path = Base.lproj/LaunchScreen.storyboard; sourceTree = "<group>"; };
		505FBD59219F9070007A0914 /* Info.plist */ = {isa = PBXFileReference; lastKnownFileType = text.plist.xml; path = Info.plist; sourceTree = "<group>"; };
		505FBD5E219F9070007A0914 /* EventAppTests.xctest */ = {isa = PBXFileReference; explicitFileType = wrapper.cfbundle; includeInIndex = 0; path = EventAppTests.xctest; sourceTree = BUILT_PRODUCTS_DIR; };
		505FBD62219F9070007A0914 /* EventAppTests.swift */ = {isa = PBXFileReference; lastKnownFileType = sourcecode.swift; path = EventAppTests.swift; sourceTree = "<group>"; };
		505FBD64219F9070007A0914 /* Info.plist */ = {isa = PBXFileReference; lastKnownFileType = text.plist.xml; path = Info.plist; sourceTree = "<group>"; };
		505FBD69219F9070007A0914 /* EventAppUITests.xctest */ = {isa = PBXFileReference; explicitFileType = wrapper.cfbundle; includeInIndex = 0; path = EventAppUITests.xctest; sourceTree = BUILT_PRODUCTS_DIR; };
		505FBD6D219F9070007A0914 /* EventAppUITests.swift */ = {isa = PBXFileReference; lastKnownFileType = sourcecode.swift; path = EventAppUITests.swift; sourceTree = "<group>"; };
		505FBD6F219F9070007A0914 /* Info.plist */ = {isa = PBXFileReference; lastKnownFileType = text.plist.xml; path = Info.plist; sourceTree = "<group>"; };
		505FBD7C219F90A1007A0914 /* MapKit.framework */ = {isa = PBXFileReference; lastKnownFileType = wrapper.framework; name = MapKit.framework; path = System/Library/Frameworks/MapKit.framework; sourceTree = SDKROOT; };
		505FBD7E219F9100007A0914 /* LoginViewController.swift */ = {isa = PBXFileReference; lastKnownFileType = sourcecode.swift; path = LoginViewController.swift; sourceTree = "<group>"; };
		505FBD80219F9115007A0914 /* RegistrationViewController.swift */ = {isa = PBXFileReference; lastKnownFileType = sourcecode.swift; path = RegistrationViewController.swift; sourceTree = "<group>"; };
		505FBD84219F915C007A0914 /* EventTableViewController.swift */ = {isa = PBXFileReference; lastKnownFileType = sourcecode.swift; path = EventTableViewController.swift; sourceTree = "<group>"; };
		505FBD86219F9280007A0914 /* EventApp.entitlements */ = {isa = PBXFileReference; lastKnownFileType = text.plist.entitlements; path = EventApp.entitlements; sourceTree = "<group>"; };
		505FBD87219F9333007A0914 /* PassKit.framework */ = {isa = PBXFileReference; lastKnownFileType = wrapper.framework; name = PassKit.framework; path = System/Library/Frameworks/PassKit.framework; sourceTree = SDKROOT; };
		5061BE2621ADF59F0068D39E /* EventDetailCategory.swift */ = {isa = PBXFileReference; lastKnownFileType = sourcecode.swift; path = EventDetailCategory.swift; sourceTree = "<group>"; };
		5061BE2821AF18120068D39E /* DictionaryEncoder.swift */ = {isa = PBXFileReference; lastKnownFileType = sourcecode.swift; path = DictionaryEncoder.swift; sourceTree = "<group>"; };
		5062DD3221A32E71000F63BD /* EventTableViewCell.swift */ = {isa = PBXFileReference; lastKnownFileType = sourcecode.swift; path = EventTableViewCell.swift; sourceTree = "<group>"; };
		5062DD3321A32E71000F63BD /* EventTableViewCell.xib */ = {isa = PBXFileReference; lastKnownFileType = file.xib; path = EventTableViewCell.xib; sourceTree = "<group>"; };
		509EF27521A981B100E57614 /*  Config.swift */ = {isa = PBXFileReference; lastKnownFileType = sourcecode.swift; path = " Config.swift"; sourceTree = "<group>"; };
		509EF27821A98BC000E57614 /* User.swift */ = {isa = PBXFileReference; lastKnownFileType = sourcecode.swift; path = User.swift; sourceTree = "<group>"; };
		509EF27B21A991D800E57614 /* RestController.swift */ = {isa = PBXFileReference; lastKnownFileType = sourcecode.swift; path = RestController.swift; sourceTree = "<group>"; };
		509EF27D21A993AA00E57614 /* UserController.swift */ = {isa = PBXFileReference; lastKnownFileType = sourcecode.swift; path = UserController.swift; sourceTree = "<group>"; };
		509EF27F21A997E800E57614 /* LoginForm.swift */ = {isa = PBXFileReference; lastKnownFileType = sourcecode.swift; path = LoginForm.swift; sourceTree = "<group>"; };
		509EF28121A9980E00E57614 /* RegisterForm.swift */ = {isa = PBXFileReference; lastKnownFileType = sourcecode.swift; path = RegisterForm.swift; sourceTree = "<group>"; };
		509EF28321A99B2900E57614 /* EventController.swift */ = {isa = PBXFileReference; lastKnownFileType = sourcecode.swift; path = EventController.swift; sourceTree = "<group>"; };
		509EF28521A9AC0600E57614 /* Event.swift */ = {isa = PBXFileReference; lastKnownFileType = sourcecode.swift; path = Event.swift; sourceTree = "<group>"; };
		50E2B18221B03D5A0071DE51 /* SettingsController.swift */ = {isa = PBXFileReference; lastKnownFileType = sourcecode.swift; path = SettingsController.swift; sourceTree = "<group>"; };
		50E2B18421B15F420071DE51 /* JSONEncoding.swift */ = {isa = PBXFileReference; lastKnownFileType = sourcecode.swift; path = JSONEncoding.swift; sourceTree = "<group>"; };
		50E2B1C221B1D2E60071DE51 /* EventSplitViewController.swift */ = {isa = PBXFileReference; lastKnownFileType = sourcecode.swift; path = EventSplitViewController.swift; sourceTree = "<group>"; };
		50F1116A21AC6F0000022DDD /* CategoryController.swift */ = {isa = PBXFileReference; lastKnownFileType = sourcecode.swift; path = CategoryController.swift; sourceTree = "<group>"; };
		50F1116C21AC6F1F00022DDD /* Category.swift */ = {isa = PBXFileReference; lastKnownFileType = sourcecode.swift; path = Category.swift; sourceTree = "<group>"; };
		5DFB78EC47FC115328CED45F /* Pods-EventAppUITests.debug.xcconfig */ = {isa = PBXFileReference; includeInIndex = 1; lastKnownFileType = text.xcconfig; name = "Pods-EventAppUITests.debug.xcconfig"; path = "Pods/Target Support Files/Pods-EventAppUITests/Pods-EventAppUITests.debug.xcconfig"; sourceTree = "<group>"; };
		5FB450BF8B923B20748BC8E8 /* Pods_EventApp.framework */ = {isa = PBXFileReference; explicitFileType = wrapper.framework; includeInIndex = 0; path = Pods_EventApp.framework; sourceTree = BUILT_PRODUCTS_DIR; };
		61E1C964E76B1B04323E3B29 /* Pods-EventApp.release.xcconfig */ = {isa = PBXFileReference; includeInIndex = 1; lastKnownFileType = text.xcconfig; name = "Pods-EventApp.release.xcconfig"; path = "Pods/Target Support Files/Pods-EventApp/Pods-EventApp.release.xcconfig"; sourceTree = "<group>"; };
		8267C63521AAEE230059BF78 /* EventDetailViewController.swift */ = {isa = PBXFileReference; fileEncoding = 4; lastKnownFileType = sourcecode.swift; path = EventDetailViewController.swift; sourceTree = "<group>"; };
		8267C63721AB37BC0059BF78 /* LocationRow.swift */ = {isa = PBXFileReference; lastKnownFileType = sourcecode.swift; path = LocationRow.swift; sourceTree = "<group>"; };
		835972142F95DF828C2B7805 /* Pods-EventApp.debug.xcconfig */ = {isa = PBXFileReference; includeInIndex = 1; lastKnownFileType = text.xcconfig; name = "Pods-EventApp.debug.xcconfig"; path = "Pods/Target Support Files/Pods-EventApp/Pods-EventApp.debug.xcconfig"; sourceTree = "<group>"; };
		B117825D8F44D9A67CFA0474 /* Pods_EventAppUITests.framework */ = {isa = PBXFileReference; explicitFileType = wrapper.framework; includeInIndex = 0; path = Pods_EventAppUITests.framework; sourceTree = BUILT_PRODUCTS_DIR; };
		D345E9849A3739D7A474D005 /* Pods_EventAppTests.framework */ = {isa = PBXFileReference; explicitFileType = wrapper.framework; includeInIndex = 0; path = Pods_EventAppTests.framework; sourceTree = BUILT_PRODUCTS_DIR; };
		E63FC3A7E804263D98849F12 /* Pods-EventAppTests.debug.xcconfig */ = {isa = PBXFileReference; includeInIndex = 1; lastKnownFileType = text.xcconfig; name = "Pods-EventAppTests.debug.xcconfig"; path = "Pods/Target Support Files/Pods-EventAppTests/Pods-EventAppTests.debug.xcconfig"; sourceTree = "<group>"; };
		FAB412B96067FDEBAC2B0A33 /* Pods-EventAppUITests.release.xcconfig */ = {isa = PBXFileReference; includeInIndex = 1; lastKnownFileType = text.xcconfig; name = "Pods-EventAppUITests.release.xcconfig"; path = "Pods/Target Support Files/Pods-EventAppUITests/Pods-EventAppUITests.release.xcconfig"; sourceTree = "<group>"; };
/* End PBXFileReference section */

/* Begin PBXFrameworksBuildPhase section */
		505FBD47219F906E007A0914 /* Frameworks */ = {
			isa = PBXFrameworksBuildPhase;
			buildActionMask = 2147483647;
			files = (
				505FBD88219F9333007A0914 /* PassKit.framework in Frameworks */,
				505FBD7D219F90A1007A0914 /* MapKit.framework in Frameworks */,
				9CA7FD543C60411CF0548754 /* Pods_EventApp.framework in Frameworks */,
			);
			runOnlyForDeploymentPostprocessing = 0;
		};
		505FBD5B219F9070007A0914 /* Frameworks */ = {
			isa = PBXFrameworksBuildPhase;
			buildActionMask = 2147483647;
			files = (
				98215E846678DA784A7A4B0A /* Pods_EventAppTests.framework in Frameworks */,
			);
			runOnlyForDeploymentPostprocessing = 0;
		};
		505FBD66219F9070007A0914 /* Frameworks */ = {
			isa = PBXFrameworksBuildPhase;
			buildActionMask = 2147483647;
			files = (
				DA569434ECD04ACC5DDB2A49 /* Pods_EventAppUITests.framework in Frameworks */,
			);
			runOnlyForDeploymentPostprocessing = 0;
		};
/* End PBXFrameworksBuildPhase section */

/* Begin PBXGroup section */
		323E23F77C865305BEE0D3D0 /* Pods */ = {
			isa = PBXGroup;
			children = (
				835972142F95DF828C2B7805 /* Pods-EventApp.debug.xcconfig */,
				61E1C964E76B1B04323E3B29 /* Pods-EventApp.release.xcconfig */,
				E63FC3A7E804263D98849F12 /* Pods-EventAppTests.debug.xcconfig */,
				02A4CD7F2EF2BD81A61DB0B6 /* Pods-EventAppTests.release.xcconfig */,
				5DFB78EC47FC115328CED45F /* Pods-EventAppUITests.debug.xcconfig */,
				FAB412B96067FDEBAC2B0A33 /* Pods-EventAppUITests.release.xcconfig */,
			);
			name = Pods;
			sourceTree = "<group>";
		};
		501658AF21A9D1610041242C /* Services */ = {
			isa = PBXGroup;
			children = (
				501658B021A9D1750041242C /* AuthService.swift */,
				501658B321A9D89A0041242C /* AccessTokenAdapter.swift */,
			);
			path = Services;
			sourceTree = "<group>";
		};
		501658B721A9F16D0041242C /* Helpers */ = {
			isa = PBXGroup;
			children = (
				501658BA21AA37DC0041242C /* FormValidation.swift */,
				5061BE2821AF18120068D39E /* DictionaryEncoder.swift */,
				50E2B18421B15F420071DE51 /* JSONEncoding.swift */,
			);
			path = Helpers;
			sourceTree = "<group>";
		};
		505FBD41219F906E007A0914 = {
			isa = PBXGroup;
			children = (
				505FBD4C219F906E007A0914 /* EventApp */,
				505FBD61219F9070007A0914 /* EventAppTests */,
				505FBD6C219F9070007A0914 /* EventAppUITests */,
				505FBD4B219F906E007A0914 /* Products */,
				505FBD7B219F90A1007A0914 /* Frameworks */,
				323E23F77C865305BEE0D3D0 /* Pods */,
			);
			sourceTree = "<group>";
		};
		505FBD4B219F906E007A0914 /* Products */ = {
			isa = PBXGroup;
			children = (
				505FBD4A219F906E007A0914 /* EventApp.app */,
				505FBD5E219F9070007A0914 /* EventAppTests.xctest */,
				505FBD69219F9070007A0914 /* EventAppUITests.xctest */,
			);
			name = Products;
			sourceTree = "<group>";
		};
		505FBD4C219F906E007A0914 /* EventApp */ = {
			isa = PBXGroup;
			children = (
				501658B721A9F16D0041242C /* Helpers */,
				501658AF21A9D1610041242C /* Services */,
				509EF27A21A991AC00E57614 /* Controllers */,
				509EF27721A98BA800E57614 /* Models */,
				505FBD86219F9280007A0914 /* EventApp.entitlements */,
				505FBD4D219F906E007A0914 /* AppDelegate.swift */,
				505FBD4F219F906E007A0914 /* ViewController.swift */,
				505FBD51219F906E007A0914 /* Main.storyboard */,
				505FBD54219F9070007A0914 /* Assets.xcassets */,
				505FBD56219F9070007A0914 /* LaunchScreen.storyboard */,
				505FBD59219F9070007A0914 /* Info.plist */,
				505FBD7E219F9100007A0914 /* LoginViewController.swift */,
				505FBD80219F9115007A0914 /* RegistrationViewController.swift */,
				8267C63521AAEE230059BF78 /* EventDetailViewController.swift */,
				8267C63721AB37BC0059BF78 /* LocationRow.swift */,
				505FBD84219F915C007A0914 /* EventTableViewController.swift */,
				5062DD3221A32E71000F63BD /* EventTableViewCell.swift */,
				5062DD3321A32E71000F63BD /* EventTableViewCell.xib */,
				509EF27521A981B100E57614 /*  Config.swift */,
				50E2B18221B03D5A0071DE51 /* SettingsController.swift */,
				50E2B1C221B1D2E60071DE51 /* EventSplitViewController.swift */,
			);
			path = EventApp;
			sourceTree = "<group>";
		};
		505FBD61219F9070007A0914 /* EventAppTests */ = {
			isa = PBXGroup;
			children = (
				505FBD62219F9070007A0914 /* EventAppTests.swift */,
				505FBD64219F9070007A0914 /* Info.plist */,
			);
			path = EventAppTests;
			sourceTree = "<group>";
		};
		505FBD6C219F9070007A0914 /* EventAppUITests */ = {
			isa = PBXGroup;
			children = (
				505FBD6D219F9070007A0914 /* EventAppUITests.swift */,
				505FBD6F219F9070007A0914 /* Info.plist */,
			);
			path = EventAppUITests;
			sourceTree = "<group>";
		};
		505FBD7B219F90A1007A0914 /* Frameworks */ = {
			isa = PBXGroup;
			children = (
				505FBD87219F9333007A0914 /* PassKit.framework */,
				505FBD7C219F90A1007A0914 /* MapKit.framework */,
				5FB450BF8B923B20748BC8E8 /* Pods_EventApp.framework */,
				D345E9849A3739D7A474D005 /* Pods_EventAppTests.framework */,
				B117825D8F44D9A67CFA0474 /* Pods_EventAppUITests.framework */,
			);
			name = Frameworks;
			sourceTree = "<group>";
		};
		509EF27721A98BA800E57614 /* Models */ = {
			isa = PBXGroup;
			children = (
				509EF27821A98BC000E57614 /* User.swift */,
				509EF27F21A997E800E57614 /* LoginForm.swift */,
				509EF28121A9980E00E57614 /* RegisterForm.swift */,
				509EF28521A9AC0600E57614 /* Event.swift */,
				501658AB21A9BFC70041242C /* JwtToken.swift */,
				50F1116C21AC6F1F00022DDD /* Category.swift */,
				5061BE2621ADF59F0068D39E /* EventDetailCategory.swift */,
			);
			path = Models;
			sourceTree = "<group>";
		};
		509EF27A21A991AC00E57614 /* Controllers */ = {
			isa = PBXGroup;
			children = (
				509EF27B21A991D800E57614 /* RestController.swift */,
				509EF27D21A993AA00E57614 /* UserController.swift */,
				509EF28321A99B2900E57614 /* EventController.swift */,
				501658AD21A9C1530041242C /* DataRequest.swift */,
				501658B521A9E8400041242C /* RegisterController.swift */,
				50F1116A21AC6F0000022DDD /* CategoryController.swift */,
			);
			path = Controllers;
			sourceTree = "<group>";
		};
/* End PBXGroup section */

/* Begin PBXNativeTarget section */
		505FBD49219F906E007A0914 /* EventApp */ = {
			isa = PBXNativeTarget;
			buildConfigurationList = 505FBD72219F9070007A0914 /* Build configuration list for PBXNativeTarget "EventApp" */;
			buildPhases = (
				6AC6688680A642A19571AA02 /* [CP] Check Pods Manifest.lock */,
				505FBD46219F906E007A0914 /* Sources */,
				505FBD47219F906E007A0914 /* Frameworks */,
				505FBD48219F906E007A0914 /* Resources */,
				2D34304143F7B34FCDC01A3B /* [CP] Embed Pods Frameworks */,
			);
			buildRules = (
			);
			dependencies = (
			);
			name = EventApp;
			productName = EventApp;
			productReference = 505FBD4A219F906E007A0914 /* EventApp.app */;
			productType = "com.apple.product-type.application";
		};
		505FBD5D219F9070007A0914 /* EventAppTests */ = {
			isa = PBXNativeTarget;
			buildConfigurationList = 505FBD75219F9070007A0914 /* Build configuration list for PBXNativeTarget "EventAppTests" */;
			buildPhases = (
				B6A502B5D5D534BFAB3B5B54 /* [CP] Check Pods Manifest.lock */,
				505FBD5A219F9070007A0914 /* Sources */,
				505FBD5B219F9070007A0914 /* Frameworks */,
				505FBD5C219F9070007A0914 /* Resources */,
			);
			buildRules = (
			);
			dependencies = (
				505FBD60219F9070007A0914 /* PBXTargetDependency */,
			);
			name = EventAppTests;
			productName = EventAppTests;
			productReference = 505FBD5E219F9070007A0914 /* EventAppTests.xctest */;
			productType = "com.apple.product-type.bundle.unit-test";
		};
		505FBD68219F9070007A0914 /* EventAppUITests */ = {
			isa = PBXNativeTarget;
			buildConfigurationList = 505FBD78219F9070007A0914 /* Build configuration list for PBXNativeTarget "EventAppUITests" */;
			buildPhases = (
				7828A911BF874704F0F757A1 /* [CP] Check Pods Manifest.lock */,
				505FBD65219F9070007A0914 /* Sources */,
				505FBD66219F9070007A0914 /* Frameworks */,
				505FBD67219F9070007A0914 /* Resources */,
			);
			buildRules = (
			);
			dependencies = (
				505FBD6B219F9070007A0914 /* PBXTargetDependency */,
			);
			name = EventAppUITests;
			productName = EventAppUITests;
			productReference = 505FBD69219F9070007A0914 /* EventAppUITests.xctest */;
			productType = "com.apple.product-type.bundle.ui-testing";
		};
/* End PBXNativeTarget section */

/* Begin PBXProject section */
		505FBD42219F906E007A0914 /* Project object */ = {
			isa = PBXProject;
			attributes = {
				LastSwiftUpdateCheck = 1010;
				LastUpgradeCheck = 1010;
				ORGANIZATIONNAME = 2noobs;
				TargetAttributes = {
					505FBD49219F906E007A0914 = {
						CreatedOnToolsVersion = 10.1;
						SystemCapabilities = {
							com.apple.ApplePay = {
								enabled = 1;
							};
							com.apple.Maps.iOS = {
								enabled = 1;
							};
						};
					};
					505FBD5D219F9070007A0914 = {
						CreatedOnToolsVersion = 10.1;
						TestTargetID = 505FBD49219F906E007A0914;
					};
					505FBD68219F9070007A0914 = {
						CreatedOnToolsVersion = 10.1;
						TestTargetID = 505FBD49219F906E007A0914;
					};
				};
			};
			buildConfigurationList = 505FBD45219F906E007A0914 /* Build configuration list for PBXProject "EventApp" */;
			compatibilityVersion = "Xcode 9.3";
			developmentRegion = en;
			hasScannedForEncodings = 0;
			knownRegions = (
				en,
				Base,
			);
			mainGroup = 505FBD41219F906E007A0914;
			productRefGroup = 505FBD4B219F906E007A0914 /* Products */;
			projectDirPath = "";
			projectRoot = "";
			targets = (
				505FBD49219F906E007A0914 /* EventApp */,
				505FBD5D219F9070007A0914 /* EventAppTests */,
				505FBD68219F9070007A0914 /* EventAppUITests */,
			);
		};
/* End PBXProject section */

/* Begin PBXResourcesBuildPhase section */
		505FBD48219F906E007A0914 /* Resources */ = {
			isa = PBXResourcesBuildPhase;
			buildActionMask = 2147483647;
			files = (
				5062DD3521A32E71000F63BD /* EventTableViewCell.xib in Resources */,
				505FBD58219F9070007A0914 /* LaunchScreen.storyboard in Resources */,
				505FBD55219F9070007A0914 /* Assets.xcassets in Resources */,
				505FBD53219F906E007A0914 /* Main.storyboard in Resources */,
			);
			runOnlyForDeploymentPostprocessing = 0;
		};
		505FBD5C219F9070007A0914 /* Resources */ = {
			isa = PBXResourcesBuildPhase;
			buildActionMask = 2147483647;
			files = (
			);
			runOnlyForDeploymentPostprocessing = 0;
		};
		505FBD67219F9070007A0914 /* Resources */ = {
			isa = PBXResourcesBuildPhase;
			buildActionMask = 2147483647;
			files = (
			);
			runOnlyForDeploymentPostprocessing = 0;
		};
/* End PBXResourcesBuildPhase section */

/* Begin PBXShellScriptBuildPhase section */
		2D34304143F7B34FCDC01A3B /* [CP] Embed Pods Frameworks */ = {
			isa = PBXShellScriptBuildPhase;
			buildActionMask = 2147483647;
			files = (
			);
			inputFileListPaths = (
			);
			inputPaths = (
				"${SRCROOT}/Pods/Target Support Files/Pods-EventApp/Pods-EventApp-frameworks.sh",
				"${BUILT_PRODUCTS_DIR}/Alamofire/Alamofire.framework",
				"${BUILT_PRODUCTS_DIR}/Eureka/Eureka.framework",
				"${BUILT_PRODUCTS_DIR}/ImageRow/ImageRow.framework",
				"${BUILT_PRODUCTS_DIR}/JSONWebToken/JWT.framework",
				"${BUILT_PRODUCTS_DIR}/Validator/Validator.framework",
			);
			name = "[CP] Embed Pods Frameworks";
			outputFileListPaths = (
			);
			outputPaths = (
				"${TARGET_BUILD_DIR}/${FRAMEWORKS_FOLDER_PATH}/Alamofire.framework",
				"${TARGET_BUILD_DIR}/${FRAMEWORKS_FOLDER_PATH}/Eureka.framework",
				"${TARGET_BUILD_DIR}/${FRAMEWORKS_FOLDER_PATH}/ImageRow.framework",
				"${TARGET_BUILD_DIR}/${FRAMEWORKS_FOLDER_PATH}/JWT.framework",
				"${TARGET_BUILD_DIR}/${FRAMEWORKS_FOLDER_PATH}/Validator.framework",
			);
			runOnlyForDeploymentPostprocessing = 0;
			shellPath = /bin/sh;
			shellScript = "\"${SRCROOT}/Pods/Target Support Files/Pods-EventApp/Pods-EventApp-frameworks.sh\"\n";
			showEnvVarsInLog = 0;
		};
		6AC6688680A642A19571AA02 /* [CP] Check Pods Manifest.lock */ = {
			isa = PBXShellScriptBuildPhase;
			buildActionMask = 2147483647;
			files = (
			);
			inputFileListPaths = (
			);
			inputPaths = (
				"${PODS_PODFILE_DIR_PATH}/Podfile.lock",
				"${PODS_ROOT}/Manifest.lock",
			);
			name = "[CP] Check Pods Manifest.lock";
			outputFileListPaths = (
			);
			outputPaths = (
				"$(DERIVED_FILE_DIR)/Pods-EventApp-checkManifestLockResult.txt",
			);
			runOnlyForDeploymentPostprocessing = 0;
			shellPath = /bin/sh;
			shellScript = "diff \"${PODS_PODFILE_DIR_PATH}/Podfile.lock\" \"${PODS_ROOT}/Manifest.lock\" > /dev/null\nif [ $? != 0 ] ; then\n    # print error to STDERR\n    echo \"error: The sandbox is not in sync with the Podfile.lock. Run 'pod install' or update your CocoaPods installation.\" >&2\n    exit 1\nfi\n# This output is used by Xcode 'outputs' to avoid re-running this script phase.\necho \"SUCCESS\" > \"${SCRIPT_OUTPUT_FILE_0}\"\n";
			showEnvVarsInLog = 0;
		};
		7828A911BF874704F0F757A1 /* [CP] Check Pods Manifest.lock */ = {
			isa = PBXShellScriptBuildPhase;
			buildActionMask = 2147483647;
			files = (
			);
			inputFileListPaths = (
			);
			inputPaths = (
				"${PODS_PODFILE_DIR_PATH}/Podfile.lock",
				"${PODS_ROOT}/Manifest.lock",
			);
			name = "[CP] Check Pods Manifest.lock";
			outputFileListPaths = (
			);
			outputPaths = (
				"$(DERIVED_FILE_DIR)/Pods-EventAppUITests-checkManifestLockResult.txt",
			);
			runOnlyForDeploymentPostprocessing = 0;
			shellPath = /bin/sh;
			shellScript = "diff \"${PODS_PODFILE_DIR_PATH}/Podfile.lock\" \"${PODS_ROOT}/Manifest.lock\" > /dev/null\nif [ $? != 0 ] ; then\n    # print error to STDERR\n    echo \"error: The sandbox is not in sync with the Podfile.lock. Run 'pod install' or update your CocoaPods installation.\" >&2\n    exit 1\nfi\n# This output is used by Xcode 'outputs' to avoid re-running this script phase.\necho \"SUCCESS\" > \"${SCRIPT_OUTPUT_FILE_0}\"\n";
			showEnvVarsInLog = 0;
		};
		B6A502B5D5D534BFAB3B5B54 /* [CP] Check Pods Manifest.lock */ = {
			isa = PBXShellScriptBuildPhase;
			buildActionMask = 2147483647;
			files = (
			);
			inputFileListPaths = (
			);
			inputPaths = (
				"${PODS_PODFILE_DIR_PATH}/Podfile.lock",
				"${PODS_ROOT}/Manifest.lock",
			);
			name = "[CP] Check Pods Manifest.lock";
			outputFileListPaths = (
			);
			outputPaths = (
				"$(DERIVED_FILE_DIR)/Pods-EventAppTests-checkManifestLockResult.txt",
			);
			runOnlyForDeploymentPostprocessing = 0;
			shellPath = /bin/sh;
			shellScript = "diff \"${PODS_PODFILE_DIR_PATH}/Podfile.lock\" \"${PODS_ROOT}/Manifest.lock\" > /dev/null\nif [ $? != 0 ] ; then\n    # print error to STDERR\n    echo \"error: The sandbox is not in sync with the Podfile.lock. Run 'pod install' or update your CocoaPods installation.\" >&2\n    exit 1\nfi\n# This output is used by Xcode 'outputs' to avoid re-running this script phase.\necho \"SUCCESS\" > \"${SCRIPT_OUTPUT_FILE_0}\"\n";
			showEnvVarsInLog = 0;
		};
/* End PBXShellScriptBuildPhase section */

/* Begin PBXSourcesBuildPhase section */
		505FBD46219F906E007A0914 /* Sources */ = {
			isa = PBXSourcesBuildPhase;
			buildActionMask = 2147483647;
			files = (
				50E2B18321B03D5A0071DE51 /* SettingsController.swift in Sources */,
				5062DD3421A32E71000F63BD /* EventTableViewCell.swift in Sources */,
				505FBD7F219F9100007A0914 /* LoginViewController.swift in Sources */,
				501658AC21A9BFC70041242C /* JwtToken.swift in Sources */,
				509EF28221A9980E00E57614 /* RegisterForm.swift in Sources */,
				5061BE2721ADF59F0068D39E /* EventDetailCategory.swift in Sources */,
				509EF27E21A993AA00E57614 /* UserController.swift in Sources */,
				509EF28421A99B2900E57614 /* EventController.swift in Sources */,
				505FBD50219F906E007A0914 /* ViewController.swift in Sources */,
				50F1116B21AC6F0000022DDD /* CategoryController.swift in Sources */,
				505FBD81219F9115007A0914 /* RegistrationViewController.swift in Sources */,
				509EF27C21A991D800E57614 /* RestController.swift in Sources */,
				501658B421A9D89A0041242C /* AccessTokenAdapter.swift in Sources */,
				501658B621A9E8400041242C /* RegisterController.swift in Sources */,
				50E2B18521B15F420071DE51 /* JSONEncoding.swift in Sources */,
				509EF27921A98BC000E57614 /* User.swift in Sources */,
				8267C63621AAEE230059BF78 /* EventDetailViewController.swift in Sources */,
				509EF27621A981B100E57614 /*  Config.swift in Sources */,
				5061BE2921AF18120068D39E /* DictionaryEncoder.swift in Sources */,
				505FBD85219F915C007A0914 /* EventTableViewController.swift in Sources */,
				8267C63821AB37BC0059BF78 /* LocationRow.swift in Sources */,
				501658BB21AA37DC0041242C /* FormValidation.swift in Sources */,
				509EF28021A997E800E57614 /* LoginForm.swift in Sources */,
				50E2B1C321B1D2E60071DE51 /* EventSplitViewController.swift in Sources */,
				509EF28621A9AC0600E57614 /* Event.swift in Sources */,
				501658B121A9D1750041242C /* AuthService.swift in Sources */,
				505FBD4E219F906E007A0914 /* AppDelegate.swift in Sources */,
				501658AE21A9C1530041242C /* DataRequest.swift in Sources */,
				50F1116D21AC6F1F00022DDD /* Category.swift in Sources */,
			);
			runOnlyForDeploymentPostprocessing = 0;
		};
		505FBD5A219F9070007A0914 /* Sources */ = {
			isa = PBXSourcesBuildPhase;
			buildActionMask = 2147483647;
			files = (
				505FBD63219F9070007A0914 /* EventAppTests.swift in Sources */,
			);
			runOnlyForDeploymentPostprocessing = 0;
		};
		505FBD65219F9070007A0914 /* Sources */ = {
			isa = PBXSourcesBuildPhase;
			buildActionMask = 2147483647;
			files = (
				505FBD6E219F9070007A0914 /* EventAppUITests.swift in Sources */,
			);
			runOnlyForDeploymentPostprocessing = 0;
		};
/* End PBXSourcesBuildPhase section */

/* Begin PBXTargetDependency section */
		505FBD60219F9070007A0914 /* PBXTargetDependency */ = {
			isa = PBXTargetDependency;
			target = 505FBD49219F906E007A0914 /* EventApp */;
			targetProxy = 505FBD5F219F9070007A0914 /* PBXContainerItemProxy */;
		};
		505FBD6B219F9070007A0914 /* PBXTargetDependency */ = {
			isa = PBXTargetDependency;
			target = 505FBD49219F906E007A0914 /* EventApp */;
			targetProxy = 505FBD6A219F9070007A0914 /* PBXContainerItemProxy */;
		};
/* End PBXTargetDependency section */

/* Begin PBXVariantGroup section */
		505FBD51219F906E007A0914 /* Main.storyboard */ = {
			isa = PBXVariantGroup;
			children = (
				505FBD52219F906E007A0914 /* Base */,
				504CD6CE21A4707F00F46CBE /* de */,
			);
			name = Main.storyboard;
			sourceTree = "<group>";
		};
		505FBD56219F9070007A0914 /* LaunchScreen.storyboard */ = {
			isa = PBXVariantGroup;
			children = (
				505FBD57219F9070007A0914 /* Base */,
				504CD6CF21A4707F00F46CBE /* de */,
			);
			name = LaunchScreen.storyboard;
			sourceTree = "<group>";
		};
/* End PBXVariantGroup section */

/* Begin XCBuildConfiguration section */
		505FBD70219F9070007A0914 /* Debug */ = {
			isa = XCBuildConfiguration;
			buildSettings = {
				ALWAYS_SEARCH_USER_PATHS = NO;
				CLANG_ANALYZER_LOCALIZABILITY_NONLOCALIZED = YES;
				CLANG_ANALYZER_NONNULL = YES;
				CLANG_ANALYZER_NUMBER_OBJECT_CONVERSION = YES_AGGRESSIVE;
				CLANG_CXX_LANGUAGE_STANDARD = "gnu++14";
				CLANG_CXX_LIBRARY = "libc++";
				CLANG_ENABLE_MODULES = YES;
				CLANG_ENABLE_OBJC_ARC = YES;
				CLANG_ENABLE_OBJC_WEAK = YES;
				CLANG_WARN_BLOCK_CAPTURE_AUTORELEASING = YES;
				CLANG_WARN_BOOL_CONVERSION = YES;
				CLANG_WARN_COMMA = YES;
				CLANG_WARN_CONSTANT_CONVERSION = YES;
				CLANG_WARN_DEPRECATED_OBJC_IMPLEMENTATIONS = YES;
				CLANG_WARN_DIRECT_OBJC_ISA_USAGE = YES_ERROR;
				CLANG_WARN_DOCUMENTATION_COMMENTS = YES;
				CLANG_WARN_EMPTY_BODY = YES;
				CLANG_WARN_ENUM_CONVERSION = YES;
				CLANG_WARN_INFINITE_RECURSION = YES;
				CLANG_WARN_INT_CONVERSION = YES;
				CLANG_WARN_NON_LITERAL_NULL_CONVERSION = YES;
				CLANG_WARN_OBJC_IMPLICIT_RETAIN_SELF = YES;
				CLANG_WARN_OBJC_LITERAL_CONVERSION = YES;
				CLANG_WARN_OBJC_ROOT_CLASS = YES_ERROR;
				CLANG_WARN_RANGE_LOOP_ANALYSIS = YES;
				CLANG_WARN_STRICT_PROTOTYPES = YES;
				CLANG_WARN_SUSPICIOUS_MOVE = YES;
				CLANG_WARN_UNGUARDED_AVAILABILITY = YES_AGGRESSIVE;
				CLANG_WARN_UNREACHABLE_CODE = YES;
				CLANG_WARN__DUPLICATE_METHOD_MATCH = YES;
				CODE_SIGN_IDENTITY = "iPhone Developer";
				COPY_PHASE_STRIP = NO;
				DEBUG_INFORMATION_FORMAT = dwarf;
				ENABLE_STRICT_OBJC_MSGSEND = YES;
				ENABLE_TESTABILITY = YES;
				GCC_C_LANGUAGE_STANDARD = gnu11;
				GCC_DYNAMIC_NO_PIC = NO;
				GCC_NO_COMMON_BLOCKS = YES;
				GCC_OPTIMIZATION_LEVEL = 0;
				GCC_PREPROCESSOR_DEFINITIONS = (
					"DEBUG=1",
					"$(inherited)",
				);
				GCC_WARN_64_TO_32_BIT_CONVERSION = YES;
				GCC_WARN_ABOUT_RETURN_TYPE = YES_ERROR;
				GCC_WARN_UNDECLARED_SELECTOR = YES;
				GCC_WARN_UNINITIALIZED_AUTOS = YES_AGGRESSIVE;
				GCC_WARN_UNUSED_FUNCTION = YES;
				GCC_WARN_UNUSED_VARIABLE = YES;
				IPHONEOS_DEPLOYMENT_TARGET = 12.1;
				MTL_ENABLE_DEBUG_INFO = INCLUDE_SOURCE;
				MTL_FAST_MATH = YES;
				ONLY_ACTIVE_ARCH = YES;
				SDKROOT = iphoneos;
				SWIFT_ACTIVE_COMPILATION_CONDITIONS = DEBUG;
				SWIFT_ENABLE_BATCH_MODE = NO;
				SWIFT_OPTIMIZATION_LEVEL = "-Onone";
			};
			name = Debug;
		};
		505FBD71219F9070007A0914 /* Release */ = {
			isa = XCBuildConfiguration;
			buildSettings = {
				ALWAYS_SEARCH_USER_PATHS = NO;
				CLANG_ANALYZER_LOCALIZABILITY_NONLOCALIZED = YES;
				CLANG_ANALYZER_NONNULL = YES;
				CLANG_ANALYZER_NUMBER_OBJECT_CONVERSION = YES_AGGRESSIVE;
				CLANG_CXX_LANGUAGE_STANDARD = "gnu++14";
				CLANG_CXX_LIBRARY = "libc++";
				CLANG_ENABLE_MODULES = YES;
				CLANG_ENABLE_OBJC_ARC = YES;
				CLANG_ENABLE_OBJC_WEAK = YES;
				CLANG_WARN_BLOCK_CAPTURE_AUTORELEASING = YES;
				CLANG_WARN_BOOL_CONVERSION = YES;
				CLANG_WARN_COMMA = YES;
				CLANG_WARN_CONSTANT_CONVERSION = YES;
				CLANG_WARN_DEPRECATED_OBJC_IMPLEMENTATIONS = YES;
				CLANG_WARN_DIRECT_OBJC_ISA_USAGE = YES_ERROR;
				CLANG_WARN_DOCUMENTATION_COMMENTS = YES;
				CLANG_WARN_EMPTY_BODY = YES;
				CLANG_WARN_ENUM_CONVERSION = YES;
				CLANG_WARN_INFINITE_RECURSION = YES;
				CLANG_WARN_INT_CONVERSION = YES;
				CLANG_WARN_NON_LITERAL_NULL_CONVERSION = YES;
				CLANG_WARN_OBJC_IMPLICIT_RETAIN_SELF = YES;
				CLANG_WARN_OBJC_LITERAL_CONVERSION = YES;
				CLANG_WARN_OBJC_ROOT_CLASS = YES_ERROR;
				CLANG_WARN_RANGE_LOOP_ANALYSIS = YES;
				CLANG_WARN_STRICT_PROTOTYPES = YES;
				CLANG_WARN_SUSPICIOUS_MOVE = YES;
				CLANG_WARN_UNGUARDED_AVAILABILITY = YES_AGGRESSIVE;
				CLANG_WARN_UNREACHABLE_CODE = YES;
				CLANG_WARN__DUPLICATE_METHOD_MATCH = YES;
				CODE_SIGN_IDENTITY = "iPhone Developer";
				COPY_PHASE_STRIP = NO;
				DEBUG_INFORMATION_FORMAT = "dwarf-with-dsym";
				ENABLE_NS_ASSERTIONS = NO;
				ENABLE_STRICT_OBJC_MSGSEND = YES;
				GCC_C_LANGUAGE_STANDARD = gnu11;
				GCC_NO_COMMON_BLOCKS = YES;
				GCC_WARN_64_TO_32_BIT_CONVERSION = YES;
				GCC_WARN_ABOUT_RETURN_TYPE = YES_ERROR;
				GCC_WARN_UNDECLARED_SELECTOR = YES;
				GCC_WARN_UNINITIALIZED_AUTOS = YES_AGGRESSIVE;
				GCC_WARN_UNUSED_FUNCTION = YES;
				GCC_WARN_UNUSED_VARIABLE = YES;
				IPHONEOS_DEPLOYMENT_TARGET = 12.1;
				MTL_ENABLE_DEBUG_INFO = NO;
				MTL_FAST_MATH = YES;
				SDKROOT = iphoneos;
				SWIFT_COMPILATION_MODE = wholemodule;
				SWIFT_ENABLE_BATCH_MODE = NO;
				SWIFT_OPTIMIZATION_LEVEL = "-O";
				VALIDATE_PRODUCT = YES;
			};
			name = Release;
		};
		505FBD73219F9070007A0914 /* Debug */ = {
			isa = XCBuildConfiguration;
			baseConfigurationReference = 835972142F95DF828C2B7805 /* Pods-EventApp.debug.xcconfig */;
			buildSettings = {
				ASSETCATALOG_COMPILER_APPICON_NAME = AppIcon;
				CODE_SIGN_ENTITLEMENTS = EventApp/EventApp.entitlements;
				CODE_SIGN_STYLE = Automatic;
				DEVELOPMENT_TEAM = DE4PJQG482;
				INFOPLIST_FILE = EventApp/Info.plist;
				LD_RUNPATH_SEARCH_PATHS = (
					"$(inherited)",
					"@executable_path/Frameworks",
				);
				PRODUCT_BUNDLE_IDENTIFIER = ch.2noobs.EventApp;
				PRODUCT_NAME = "$(TARGET_NAME)";
				SWIFT_VERSION = 4.2;
				TARGETED_DEVICE_FAMILY = "1,2";
			};
			name = Debug;
		};
		505FBD74219F9070007A0914 /* Release */ = {
			isa = XCBuildConfiguration;
			baseConfigurationReference = 61E1C964E76B1B04323E3B29 /* Pods-EventApp.release.xcconfig */;
			buildSettings = {
				ASSETCATALOG_COMPILER_APPICON_NAME = AppIcon;
				CODE_SIGN_ENTITLEMENTS = EventApp/EventApp.entitlements;
				CODE_SIGN_STYLE = Automatic;
				DEVELOPMENT_TEAM = DE4PJQG482;
				INFOPLIST_FILE = EventApp/Info.plist;
				LD_RUNPATH_SEARCH_PATHS = (
					"$(inherited)",
					"@executable_path/Frameworks",
				);
				PRODUCT_BUNDLE_IDENTIFIER = ch.2noobs.EventApp;
				PRODUCT_NAME = "$(TARGET_NAME)";
				SWIFT_VERSION = 4.2;
				TARGETED_DEVICE_FAMILY = "1,2";
			};
			name = Release;
		};
		505FBD76219F9070007A0914 /* Debug */ = {
			isa = XCBuildConfiguration;
			baseConfigurationReference = E63FC3A7E804263D98849F12 /* Pods-EventAppTests.debug.xcconfig */;
			buildSettings = {
				ALWAYS_EMBED_SWIFT_STANDARD_LIBRARIES = YES;
				BUNDLE_LOADER = "$(TEST_HOST)";
				CODE_SIGN_STYLE = Automatic;
				INFOPLIST_FILE = EventAppTests/Info.plist;
				LD_RUNPATH_SEARCH_PATHS = (
					"$(inherited)",
					"@executable_path/Frameworks",
					"@loader_path/Frameworks",
				);
				PRODUCT_BUNDLE_IDENTIFIER = ch.2noobs.EventAppTests;
				PRODUCT_NAME = "$(TARGET_NAME)";
				SWIFT_VERSION = 4.2;
				TARGETED_DEVICE_FAMILY = "1,2";
				TEST_HOST = "$(BUILT_PRODUCTS_DIR)/EventApp.app/EventApp";
			};
			name = Debug;
		};
		505FBD77219F9070007A0914 /* Release */ = {
			isa = XCBuildConfiguration;
			baseConfigurationReference = 02A4CD7F2EF2BD81A61DB0B6 /* Pods-EventAppTests.release.xcconfig */;
			buildSettings = {
				ALWAYS_EMBED_SWIFT_STANDARD_LIBRARIES = YES;
				BUNDLE_LOADER = "$(TEST_HOST)";
				CODE_SIGN_STYLE = Automatic;
				INFOPLIST_FILE = EventAppTests/Info.plist;
				LD_RUNPATH_SEARCH_PATHS = (
					"$(inherited)",
					"@executable_path/Frameworks",
					"@loader_path/Frameworks",
				);
				PRODUCT_BUNDLE_IDENTIFIER = ch.2noobs.EventAppTests;
				PRODUCT_NAME = "$(TARGET_NAME)";
				SWIFT_VERSION = 4.2;
				TARGETED_DEVICE_FAMILY = "1,2";
				TEST_HOST = "$(BUILT_PRODUCTS_DIR)/EventApp.app/EventApp";
			};
			name = Release;
		};
		505FBD79219F9070007A0914 /* Debug */ = {
			isa = XCBuildConfiguration;
			baseConfigurationReference = 5DFB78EC47FC115328CED45F /* Pods-EventAppUITests.debug.xcconfig */;
			buildSettings = {
				ALWAYS_EMBED_SWIFT_STANDARD_LIBRARIES = YES;
				CODE_SIGN_STYLE = Automatic;
				INFOPLIST_FILE = EventAppUITests/Info.plist;
				LD_RUNPATH_SEARCH_PATHS = (
					"$(inherited)",
					"@executable_path/Frameworks",
					"@loader_path/Frameworks",
				);
				PRODUCT_BUNDLE_IDENTIFIER = ch.2noobs.EventAppUITests;
				PRODUCT_NAME = "$(TARGET_NAME)";
				SWIFT_VERSION = 4.2;
				TARGETED_DEVICE_FAMILY = "1,2";
				TEST_TARGET_NAME = EventApp;
			};
			name = Debug;
		};
		505FBD7A219F9070007A0914 /* Release */ = {
			isa = XCBuildConfiguration;
			baseConfigurationReference = FAB412B96067FDEBAC2B0A33 /* Pods-EventAppUITests.release.xcconfig */;
			buildSettings = {
				ALWAYS_EMBED_SWIFT_STANDARD_LIBRARIES = YES;
				CODE_SIGN_STYLE = Automatic;
				INFOPLIST_FILE = EventAppUITests/Info.plist;
				LD_RUNPATH_SEARCH_PATHS = (
					"$(inherited)",
					"@executable_path/Frameworks",
					"@loader_path/Frameworks",
				);
				PRODUCT_BUNDLE_IDENTIFIER = ch.2noobs.EventAppUITests;
				PRODUCT_NAME = "$(TARGET_NAME)";
				SWIFT_VERSION = 4.2;
				TARGETED_DEVICE_FAMILY = "1,2";
				TEST_TARGET_NAME = EventApp;
			};
			name = Release;
		};
/* End XCBuildConfiguration section */

/* Begin XCConfigurationList section */
		505FBD45219F906E007A0914 /* Build configuration list for PBXProject "EventApp" */ = {
			isa = XCConfigurationList;
			buildConfigurations = (
				505FBD70219F9070007A0914 /* Debug */,
				505FBD71219F9070007A0914 /* Release */,
			);
			defaultConfigurationIsVisible = 0;
			defaultConfigurationName = Release;
		};
		505FBD72219F9070007A0914 /* Build configuration list for PBXNativeTarget "EventApp" */ = {
			isa = XCConfigurationList;
			buildConfigurations = (
				505FBD73219F9070007A0914 /* Debug */,
				505FBD74219F9070007A0914 /* Release */,
			);
			defaultConfigurationIsVisible = 0;
			defaultConfigurationName = Release;
		};
		505FBD75219F9070007A0914 /* Build configuration list for PBXNativeTarget "EventAppTests" */ = {
			isa = XCConfigurationList;
			buildConfigurations = (
				505FBD76219F9070007A0914 /* Debug */,
				505FBD77219F9070007A0914 /* Release */,
			);
			defaultConfigurationIsVisible = 0;
			defaultConfigurationName = Release;
		};
		505FBD78219F9070007A0914 /* Build configuration list for PBXNativeTarget "EventAppUITests" */ = {
			isa = XCConfigurationList;
			buildConfigurations = (
				505FBD79219F9070007A0914 /* Debug */,
				505FBD7A219F9070007A0914 /* Release */,
			);
			defaultConfigurationIsVisible = 0;
			defaultConfigurationName = Release;
		};
/* End XCConfigurationList section */
	};
	rootObject = 505FBD42219F906E007A0914 /* Project object */;
}
